
Microsoft Visual Studio Solution File, Format Version 12.00
# Visual Studio Version 16
VisualStudioVersion = 16.0.31005.135
MinimumVisualStudioVersion = 10.0.40219.1
Project("{FAE04EC0-301F-11D3-BF4B-00C04F79EFBC}") = "기말프로젝트", "기말프로젝트.csproj", "{95D473E2-B622-4DB0-B2A7-368436932EB8}"
EndProject
Global
	GlobalSection(SolutionConfigurationPlatforms) = preSolution
		Debug|Any CPU = Debug|Any CPU
		Release|Any CPU = Release|Any CPU
	EndGlobalSection
	GlobalSection(ProjectConfigurationPlatforms) = postSolution
		{95D473E2-B622-4DB0-B2A7-368436932EB8}.Debug|Any CPU.ActiveCfg = Debug|Any CPU
		{95D473E2-B622-4DB0-B2A7-368436932EB8}.Debug|Any CPU.Build.0 = Debug|Any CPU
		{95D473E2-B622-4DB0-B2A7-368436932EB8}.Release|Any CPU.ActiveCfg = Release|Any CPU
		{95D473E2-B622-4DB0-B2A7-368436932EB8}.Release|Any CPU.Build.0 = Release|Any CPU
	EndGlobalSection
	GlobalSection(SolutionProperties) = preSolution
		HideSolutionNode = FALSE
	EndGlobalSection
	GlobalSection(ExtensibilityGlobals) = postSolution
		SolutionGuid = {9D01995C-D1DB-4D0E-84E6-94833B1EA715}
	EndGlobalSection
EndGlobal
